<?xml version="1.0" encoding="utf-8"?>
<Project ToolsVersion="4.0" xmlns="http://schemas.microsoft.com/developer/msbuild/2003">
  <ItemGroup>
    <ClCompile Include="main.cpp" />
    <ClCompile Include="CameraDtecte1.cpp">
      <Filter>Source Files</Filter>
    </ClCompile>
    <ClCompile Include="SetCamera.cpp">
      <Filter>Source Files</Filter>
    </ClCompile>
    <ClCompile Include="SetAlgorithm.cpp">
      <Filter>Source Files</Filter>
    </ClCompile>
    <ClCompile Include="SetMotion.cpp">
      <Filter>Source Files</Filter>
    </ClCompile>
    <ClCompile Include="imagetools.cpp">
      <Filter>Source Files\tools</Filter>
    </ClCompile>
    <ClCompile Include="imageregion.cpp">
      <Filter>Source Files\tools</Filter>
    </ClCompile>
    <ClCompile Include="DataHelper.cpp">
      <Filter>Source Files\helper</Filter>
    </ClCompile>
    <ClCompile Include="SetProduct.cpp">
      <Filter>Source Files</Filter>
    </ClCompile>
    <ClCompile Include="CCamera.cpp">
      <Filter>Source Files\Camera</Filter>
    </ClCompile>
    <ClCompile Include="PathHelper.cpp">
      <Filter>Source Files\helper</Filter>
    </ClCompile>
    <ClCompile Include="GetSF.cpp">
      <Filter>Source Files</Filter>
    </ClCompile>
    <ClCompile Include="sf1.cpp">
      <Filter>Source Files\tools</Filter>
    </ClCompile>
    <ClCompile Include="chartdata.cpp">
      <Filter>Source Files\tools</Filter>
    </ClCompile>
    <ClCompile Include="turntable.cpp">
      <Filter>Source Files\turntable</Filter>
    </ClCompile>
    <ClCompile Include="nut.cpp">
      <Filter>Source Files\turntable</Filter>
    </ClCompile>
    <ClCompile Include="toolresult.cpp">
      <Filter>Source Files\tools</Filter>
    </ClCompile>
    <ClCompile Include="imageresult.cpp">
      <Filter>Source Files\Camera</Filter>
    </ClCompile>
    <ClCompile Include="outcircle.cpp">
      <Filter>Source Files\tools</Filter>
    </ClCompile>
    <ClCompile Include="AllNum.cpp">
      <Filter>Source Files\turntable</Filter>
    </ClCompile>
    <ClCompile Include="OutBlack.cpp">
      <Filter>Source Files\tools</Filter>
    </ClCompile>
  </ItemGroup>
  <ItemGroup>
    <Filter Include="Resource Files">
      <UniqueIdentifier>{D9D6E242-F8AF-46E4-B9FD-80ECBC20BA3E}</UniqueIdentifier>
      <Extensions>qrc;*</Extensions>
      <ParseFiles>false</ParseFiles>
    </Filter>
    <Filter Include="Source Files">
      <UniqueIdentifier>{4FC737F1-C7A5-4376-A066-2A32D752A2FF}</UniqueIdentifier>
      <Extensions>cpp;c;cc;cxx;def;odl;idl;hpj;bat;asm;asmx</Extensions>
      <ParseFiles>true</ParseFiles>
    </Filter>
    <Filter Include="Header Files">
      <UniqueIdentifier>{93995380-89BD-4b04-88EB-625FBE52EBFB}</UniqueIdentifier>
      <Extensions>h;hh;hpp;hxx;hm;inl;inc;xsd</Extensions>
      <ParseFiles>true</ParseFiles>
    </Filter>
    <Filter Include="Form Files">
      <UniqueIdentifier>{99349809-55BA-4b9d-BF79-8FDBB0286EB3}</UniqueIdentifier>
      <Extensions>ui</Extensions>
      <ParseFiles>true</ParseFiles>
    </Filter>
    <Filter Include="Header Files\camera">
      <UniqueIdentifier>{138e3734-9c23-4c68-92e3-c414665c60ff}</UniqueIdentifier>
    </Filter>
    <Filter Include="Source Files\Camera">
      <UniqueIdentifier>{009bf4bb-bd09-4c81-843f-78b5d3421df7}</UniqueIdentifier>
    </Filter>
    <Filter Include="Header Files\Tools">
      <UniqueIdentifier>{54f4e67d-8a9d-40de-8a90-720269b8e982}</UniqueIdentifier>
    </Filter>
    <Filter Include="Source Files\tools">
      <UniqueIdentifier>{9a509ae6-5dcc-4716-a10b-4c6eae28f150}</UniqueIdentifier>
    </Filter>
    <Filter Include="Source Files\helper">
      <UniqueIdentifier>{5ad4c403-c686-4b6b-a3ea-0591a0d38d4e}</UniqueIdentifier>
    </Filter>
    <Filter Include="Header Files\helper">
      <UniqueIdentifier>{49dd7b30-c64a-485e-a5ae-e34118eb506f}</UniqueIdentifier>
    </Filter>
    <Filter Include="Header Files\Card">
      <UniqueIdentifier>{e81a7da2-738b-4208-92ce-6657aa6ef50e}</UniqueIdentifier>
    </Filter>
    <Filter Include="Header Files\turntable">
      <UniqueIdentifier>{12e3427f-183e-424c-a219-1e97e8735cd1}</UniqueIdentifier>
    </Filter>
    <Filter Include="Source Files\turntable">
      <UniqueIdentifier>{a517da54-bb90-4e34-a357-aa738b48009e}</UniqueIdentifier>
    </Filter>
  </ItemGroup>
  <ItemGroup>
    <QtMoc Include="CameraDtecte1.h">
      <Filter>Header Files</Filter>
    </QtMoc>
    <QtMoc Include="SetCamera.h">
      <Filter>Header Files</Filter>
    </QtMoc>
    <QtMoc Include="SetAlgorithm.h">
      <Filter>Header Files</Filter>
    </QtMoc>
    <QtMoc Include="SetMotion.h">
      <Filter>Header Files</Filter>
    </QtMoc>
    <QtMoc Include="SetProduct.h">
      <Filter>Header Files</Filter>
    </QtMoc>
    <QtMoc Include="CCamera.h">
      <Filter>Header Files\camera</Filter>
    </QtMoc>
    <QtMoc Include="GetSF.h">
      <Filter>Header Files</Filter>
    </QtMoc>
  </ItemGroup>
  <ItemGroup>
    <QtUic Include="CameraDtecte1.ui">
      <Filter>Form Files</Filter>
    </QtUic>
    <QtUic Include="SetCamera.ui">
      <Filter>Form Files</Filter>
    </QtUic>
    <QtUic Include="SetAlgorithm.ui">
      <Filter>Form Files</Filter>
    </QtUic>
    <QtUic Include="SetMotion.ui">
      <Filter>Form Files</Filter>
    </QtUic>
    <QtUic Include="SetProduct.ui">
      <Filter>Form Files</Filter>
    </QtUic>
    <QtUic Include="GetSF.ui">
      <Filter>Form Files</Filter>
    </QtUic>
  </ItemGroup>
  <ItemGroup>
    <QtRcc Include="CameraDtecte1.qrc">
      <Filter>Resource Files</Filter>
    </QtRcc>
  </ItemGroup>
  <ItemGroup>
    <ClInclude Include="imagetools.h">
      <Filter>Header Files\Tools</Filter>
    </ClInclude>
    <ClInclude Include="para.h">
      <Filter>Header Files\Tools</Filter>
    </ClInclude>
    <ClInclude Include="imageregion.h">
      <Filter>Header Files\Tools</Filter>
    </ClInclude>
    <ClInclude Include="DataHelper.h">
      <Filter>Header Files\helper</Filter>
    </ClInclude>
    <ClInclude Include="resource.h">
      <Filter>Header Files</Filter>
    </ClInclude>
    <ClInclude Include="PathHelper.h">
      <Filter>Header Files\helper</Filter>
    </ClInclude>
    <ClInclude Include="Card.h">
      <Filter>Header Files\Card</Filter>
    </ClInclude>
    <ClInclude Include="sf1.h">
      <Filter>Header Files\Tools</Filter>
    </ClInclude>
    <ClInclude Include="chartdata.h">
      <Filter>Header Files\Tools</Filter>
    </ClInclude>
    <ClInclude Include="turntable.h">
      <Filter>Header Files\turntable</Filter>
    </ClInclude>
    <ClInclude Include="nut.h">
      <Filter>Header Files\turntable</Filter>
    </ClInclude>
    <ClInclude Include="toolresult.h">
      <Filter>Source Files\tools</Filter>
    </ClInclude>
    <ClInclude Include="imageresult.h">
      <Filter>Header Files\camera</Filter>
    </ClInclude>
    <ClInclude Include="outcircle.h">
      <Filter>Header Files\Tools</Filter>
    </ClInclude>
    <ClInclude Include="AllNum.h">
      <Filter>Header Files\turntable</Filter>
    </ClInclude>
    <ClInclude Include="OutBlack.h">
      <Filter>Header Files\Tools</Filter>
    </ClInclude>
  </ItemGroup>
  <ItemGroup>
    <ResourceCompile Include="CameraDtecte-1.rc" />
  </ItemGroup>
  <ItemGroup>
    <Image Include="icon1.ico" />
  </ItemGroup>
</Project>